Microsoft Visual Studio Solution File, Format Version 12.00
# Visual Studio Version 17
VisualStudioVersion = 17.5.2.0
MinimumVisualStudioVersion = 10.0.40219.1
Project("{2150E333-8FDC-42A3-9474-1A3956D46DE8}") = "ManagementPersonnel", "ManagementPersonnel", "{D0B8CFC2-F8FD-F177-553A-CE1E4CE579E4}"
EndProject
Project("{2150E333-8FDC-42A3-9474-1A3956D46DE8}") = "src", "src", "{3FCFE7C1-70E5-2217-876C-C50E73894145}"
EndProject
Project("{2150E333-8FDC-42A3-9474-1A3956D46DE8}") = "BE.Application", "BE.Application", "{AEC9C1A6-08CE-DF1B-3F01-76BAC014AFB9}"
EndProject
Project("{FAE04EC0-301F-11D3-BF4B-00C04F79EFBC}") = "BE.Application", "ManagementPersonnel\src\BE.Application\BE.Application\BE.Application.csproj", "{12EE9B1C-3B08-BF11-0808-1094CC7677FF}"
EndProject
Project("{2150E333-8FDC-42A3-9474-1A3956D46DE8}") = "BE.DAL", "BE.DAL", "{5D970C5E-8AC0-4522-5940-1496127D43DF}"
EndProject
Project("{FAE04EC0-301F-11D3-BF4B-00C04F79EFBC}") = "BE.DAL", "ManagementPersonnel\src\BE.DAL\BE.DAL\BE.DAL.csproj", "{BB6E4583-A459-058F-B78B-35BACE1D5CA0}"
EndProject
Project("{2150E333-8FDC-42A3-9474-1A3956D46DE8}") = "BE.Domain", "BE.Domain", "{81EB716C-88A8-88F8-E21F-DDDAC7794A23}"
EndProject
Project("{FAE04EC0-301F-11D3-BF4B-00C04F79EFBC}") = "BE.Domain", "ManagementPersonnel\src\BE.Domain\BE.Domain\BE.Domain.csproj", "{3762C18E-6A21-ACBF-C1C7-31930F34D515}"
EndProject
Project("{2150E333-8FDC-42A3-9474-1A3956D46DE8}") = "BE.NETCore", "BE.NETCore", "{C561A69F-D62E-C4BD-05E9-802440E546CD}"
EndProject
Project("{FAE04EC0-301F-11D3-BF4B-00C04F79EFBC}") = "BE.NETCore", "ManagementPersonnel\src\BE.NETCore\BE.NETCore\BE.NETCore.csproj", "{AA4EE96C-A2EA-224D-A2C0-6192206CCD91}"
EndProject
Project("{2150E333-8FDC-42A3-9474-1A3956D46DE8}") = "test", "test", "{02EA681E-C7D8-13C7-8484-4AC65E1B71E8}"
EndProject
Project("{2150E333-8FDC-42A3-9474-1A3956D46DE8}") = "UnitTest", "UnitTest", "{D8F0B992-24AF-49B8-8AC2-D7A54BE30165}"
EndProject
Global
	GlobalSection(SolutionConfigurationPlatforms) = preSolution
		Debug|Any CPU = Debug|Any CPU
		Release|Any CPU = Release|Any CPU
	EndGlobalSection
	GlobalSection(ProjectConfigurationPlatforms) = postSolution
		{12EE9B1C-3B08-BF11-0808-1094CC7677FF}.Debug|Any CPU.ActiveCfg = Debug|Any CPU
		{12EE9B1C-3B08-BF11-0808-1094CC7677FF}.Debug|Any CPU.Build.0 = Debug|Any CPU
		{12EE9B1C-3B08-BF11-0808-1094CC7677FF}.Release|Any CPU.ActiveCfg = Release|Any CPU
		{12EE9B1C-3B08-BF11-0808-1094CC7677FF}.Release|Any CPU.Build.0 = Release|Any CPU
		{BB6E4583-A459-058F-B78B-35BACE1D5CA0}.Debug|Any CPU.ActiveCfg = Debug|Any CPU
		{BB6E4583-A459-058F-B78B-35BACE1D5CA0}.Debug|Any CPU.Build.0 = Debug|Any CPU
		{BB6E4583-A459-058F-B78B-35BACE1D5CA0}.Release|Any CPU.ActiveCfg = Release|Any CPU
		{BB6E4583-A459-058F-B78B-35BACE1D5CA0}.Release|Any CPU.Build.0 = Release|Any CPU
		{3762C18E-6A21-ACBF-C1C7-31930F34D515}.Debug|Any CPU.ActiveCfg = Debug|Any CPU
		{3762C18E-6A21-ACBF-C1C7-31930F34D515}.Debug|Any CPU.Build.0 = Debug|Any CPU
		{3762C18E-6A21-ACBF-C1C7-31930F34D515}.Release|Any CPU.ActiveCfg = Release|Any CPU
		{3762C18E-6A21-ACBF-C1C7-31930F34D515}.Release|Any CPU.Build.0 = Release|Any CPU
		{AA4EE96C-A2EA-224D-A2C0-6192206CCD91}.Debug|Any CPU.ActiveCfg = Debug|Any CPU
		{AA4EE96C-A2EA-224D-A2C0-6192206CCD91}.Debug|Any CPU.Build.0 = Debug|Any CPU
		{AA4EE96C-A2EA-224D-A2C0-6192206CCD91}.Release|Any CPU.ActiveCfg = Release|Any CPU
		{AA4EE96C-A2EA-224D-A2C0-6192206CCD91}.Release|Any CPU.Build.0 = Release|Any CPU
	EndGlobalSection
	GlobalSection(SolutionProperties) = preSolution
		HideSolutionNode = FALSE
	EndGlobalSection
	GlobalSection(NestedProjects) = preSolution
		{3FCFE7C1-70E5-2217-876C-C50E73894145} = {D0B8CFC2-F8FD-F177-553A-CE1E4CE579E4}
		{AEC9C1A6-08CE-DF1B-3F01-76BAC014AFB9} = {3FCFE7C1-70E5-2217-876C-C50E73894145}
		{12EE9B1C-3B08-BF11-0808-1094CC7677FF} = {AEC9C1A6-08CE-DF1B-3F01-76BAC014AFB9}
		{5D970C5E-8AC0-4522-5940-1496127D43DF} = {3FCFE7C1-70E5-2217-876C-C50E73894145}
		{BB6E4583-A459-058F-B78B-35BACE1D5CA0} = {5D970C5E-8AC0-4522-5940-1496127D43DF}
		{81EB716C-88A8-88F8-E21F-DDDAC7794A23} = {3FCFE7C1-70E5-2217-876C-C50E73894145}
		{3762C18E-6A21-ACBF-C1C7-31930F34D515} = {81EB716C-88A8-88F8-E21F-DDDAC7794A23}
		{C561A69F-D62E-C4BD-05E9-802440E546CD} = {3FCFE7C1-70E5-2217-876C-C50E73894145}
		{AA4EE96C-A2EA-224D-A2C0-6192206CCD91} = {C561A69F-D62E-C4BD-05E9-802440E546CD}
		{02EA681E-C7D8-13C7-8484-4AC65E1B71E8} = {D0B8CFC2-F8FD-F177-553A-CE1E4CE579E4}
		{D8F0B992-24AF-49B8-8AC2-D7A54BE30165} = {02EA681E-C7D8-13C7-8484-4AC65E1B71E8}
	EndGlobalSection
	GlobalSection(ExtensibilityGlobals) = postSolution
		SolutionGuid = {926DF1F8-591A-4126-A37E-700B0DCE94EA}
	EndGlobalSection
EndGlobal
